
Microsoft Visual Studio Solution File, Format Version 12.00
# Visual Studio Version 17
VisualStudioVersion = 17.9.34607.119
MinimumVisualStudioVersion = 10.0.40219.1
Project("{FAE04EC0-301F-11D3-BF4B-00C04F79EFBC}") = "BenchmarkingJSONParser", "BenchmarkingJSONParser.csproj", "{0E9CA106-C749-44E5-832C-6AC85042F012}"
EndProject
Global
	GlobalSection(SolutionConfigurationPlatforms) = preSolution
		Debug|Any CPU = Debug|Any CPU
		Release|Any CPU = Release|Any CPU
	EndGlobalSection
	GlobalSection(ProjectConfigurationPlatforms) = postSolution
		{0E9CA106-C749-44E5-832C-6AC85042F012}.Debug|Any CPU.ActiveCfg = Debug|Any CPU
		{0E9CA106-C749-44E5-832C-6AC85042F012}.Debug|Any CPU.Build.0 = Debug|Any CPU
		{0E9CA106-C749-44E5-832C-6AC85042F012}.Release|Any CPU.ActiveCfg = Release|Any CPU
		{0E9CA106-C749-44E5-832C-6AC85042F012}.Release|Any CPU.Build.0 = Release|Any CPU
	EndGlobalSection
	GlobalSection(SolutionProperties) = preSolution
		HideSolutionNode = FALSE
	EndGlobalSection
	GlobalSection(ExtensibilityGlobals) = postSolution
		SolutionGuid = {C4FE42F3-E213-48BB-BE12-21CC575B2F28}
	EndGlobalSection
EndGlobal
